{
  "name": "realtime-code-collaborator",
  "lockfileVersion": 3,
  "requires": true,
  "packages": {
    "": {
      "name": "realtime-code-collaborator",
      "workspaces": [
        "frontend",
        "server",
        "agents",
        "execution-worker",
        "packages/*"
      ]
    },
    "node_modules/@rcc/types": {
      "resolved": "packages/types",
      "link": true
    },
    "node_modules/zod": {
      "version": "3.25.76",
      "resolved": "https://registry.npmjs.org/zod/-/zod-3.25.76.tgz",
      "integrity": "sha512-gzUt/qt81nXsFGKIFcC3YnfEAx5NkunCfnDlvuBSSFS02bcXu4Lmea0AFIUwbLWxWPx3d9p8S5QoaujKcNQxcQ==",
      "license": "MIT",
      "funding": {
        "url": "https://github.com/sponsors/colinhacks"
      }
    },
    "packages/types": {
      "name": "@rcc/types",
      "version": "0.0.1",
      "dependencies": {
        "zod": "^3.23.8"
      }
    }
  }
}
